{
  "name": "rails-project-template",
  "requires": true,
  "lockfileVersion": 1,
  "dependencies": {
    "flatpickr": {
      "version": "4.0.1",
      "resolved": "https://registry.npmjs.org/flatpickr/-/flatpickr-4.0.1.tgz",
      "integrity": "sha512-9xDEMaitSRPeOIcEuQUyP+Mwg9cUmJ+YnaOS+fV0hJ4TRlflj5p8IC6QwUmw67JDVMWPuKnZmhiW3ty2VSfQLg=="
    }
  }
}
